
Microsoft Visual Studio Solution File, Format Version 12.00
# Visual Studio 2012
Project("{FAE04EC0-301F-11D3-BF4B-00C04F79EFBC}") = "AeonPipeline", "AeonPipeline\AeonPipeline.csproj", "{677E75B6-413E-4820-93FE-E4F2BDE27599}"
EndProject
Global
	GlobalSection(SolutionConfigurationPlatforms) = preSolution
		Debug|x86 = Debug|x86
	EndGlobalSection
	GlobalSection(ProjectConfigurationPlatforms) = postSolution
		{677E75B6-413E-4820-93FE-E4F2BDE27599}.Debug|x86.ActiveCfg = Debug|x86
		{677E75B6-413E-4820-93FE-E4F2BDE27599}.Debug|x86.Build.0 = Debug|x86
	EndGlobalSection
	GlobalSection(SolutionProperties) = preSolution
		HideSolutionNode = FALSE
	EndGlobalSection
EndGlobal
